// !$*UTF8*$!
{
	archiveVersion = 1;
	classes = {
	};
	objectVersion = 46;
	objects = {

/* Begin PBXBuildFile section */
		909180DF1C6D3960008D3513 /* AppDelegate.swift in Sources */ = {isa = PBXBuildFile; fileRef = 909180DE1C6D3960008D3513 /* AppDelegate.swift */; };
		909180E11C6D3960008D3513 /* ViewController.swift in Sources */ = {isa = PBXBuildFile; fileRef = 909180E01C6D3960008D3513 /* ViewController.swift */; };
		909180E41C6D3960008D3513 /* LSDmate_GUI.xcdatamodeld in Sources */ = {isa = PBXBuildFile; fileRef = 909180E21C6D3960008D3513 /* LSDmate_GUI.xcdatamodeld */; };
		909180E61C6D3960008D3513 /* Assets.xcassets in Resources */ = {isa = PBXBuildFile; fileRef = 909180E51C6D3960008D3513 /* Assets.xcassets */; };
		909180E91C6D3960008D3513 /* Main.storyboard in Resources */ = {isa = PBXBuildFile; fileRef = 909180E71C6D3960008D3513 /* Main.storyboard */; };
		909180F41C6D3960008D3513 /* LSDmate_GUITests.swift in Sources */ = {isa = PBXBuildFile; fileRef = 909180F31C6D3960008D3513 /* LSDmate_GUITests.swift */; };
		909180FF1C6D3960008D3513 /* LSDmate_GUIUITests.swift in Sources */ = {isa = PBXBuildFile; fileRef = 909180FE1C6D3960008D3513 /* LSDmate_GUIUITests.swift */; };
/* End PBXBuildFile section */

/* Begin PBXContainerItemProxy section */
		909180F01C6D3960008D3513 /* PBXContainerItemProxy */ = {
			isa = PBXContainerItemProxy;
			containerPortal = 909180D31C6D3960008D3513 /* Project object */;
			proxyType = 1;
			remoteGlobalIDString = 909180DA1C6D3960008D3513;
			remoteInfo = "LSDmate-GUI";
		};
		909180FB1C6D3960008D3513 /* PBXContainerItemProxy */ = {
			isa = PBXContainerItemProxy;
			containerPortal = 909180D31C6D3960008D3513 /* Project object */;
			proxyType = 1;
			remoteGlobalIDString = 909180DA1C6D3960008D3513;
			remoteInfo = "LSDmate-GUI";
		};
/* End PBXContainerItemProxy section */

/* Begin PBXFileReference section */
		909180DB1C6D3960008D3513 /* LSDmate-GUI.app */ = {isa = PBXFileReference; explicitFileType = wrapper.application; includeInIndex = 0; path = "LSDmate-GUI.app"; sourceTree = BUILT_PRODUCTS_DIR; };
		909180DE1C6D3960008D3513 /* AppDelegate.swift */ = {isa = PBXFileReference; lastKnownFileType = sourcecode.swift; path = AppDelegate.swift; sourceTree = "<group>"; };
		909180E01C6D3960008D3513 /* ViewController.swift */ = {isa = PBXFileReference; lastKnownFileType = sourcecode.swift; path = ViewController.swift; sourceTree = "<group>"; };
		909180E31C6D3960008D3513 /* LSDmate_GUI.xcdatamodel */ = {isa = PBXFileReference; lastKnownFileType = wrapper.xcdatamodel; path = LSDmate_GUI.xcdatamodel; sourceTree = "<group>"; };
		909180E51C6D3960008D3513 /* Assets.xcassets */ = {isa = PBXFileReference; lastKnownFileType = folder.assetcatalog; path = Assets.xcassets; sourceTree = "<group>"; };
		909180E81C6D3960008D3513 /* Base */ = {isa = PBXFileReference; lastKnownFileType = file.storyboard; name = Base; path = Base.lproj/Main.storyboard; sourceTree = "<group>"; };
		909180EA1C6D3960008D3513 /* Info.plist */ = {isa = PBXFileReference; lastKnownFileType = text.plist.xml; path = Info.plist; sourceTree = "<group>"; };
		909180EF1C6D3960008D3513 /* LSDmate-GUITests.xctest */ = {isa = PBXFileReference; explicitFileType = wrapper.cfbundle; includeInIndex = 0; path = "LSDmate-GUITests.xctest"; sourceTree = BUILT_PRODUCTS_DIR; };
		909180F31C6D3960008D3513 /* LSDmate_GUITests.swift */ = {isa = PBXFileReference; lastKnownFileType = sourcecode.swift; path = LSDmate_GUITests.swift; sourceTree = "<group>"; };
		909180F51C6D3960008D3513 /* Info.plist */ = {isa = PBXFileReference; lastKnownFileType = text.plist.xml; path = Info.plist; sourceTree = "<group>"; };
		909180FA1C6D3960008D3513 /* LSDmate-GUIUITests.xctest */ = {isa = PBXFileReference; explicitFileType = wrapper.cfbundle; includeInIndex = 0; path = "LSDmate-GUIUITests.xctest"; sourceTree = BUILT_PRODUCTS_DIR; };
		909180FE1C6D3960008D3513 /* LSDmate_GUIUITests.swift */ = {isa = PBXFileReference; lastKnownFileType = sourcecode.swift; path = LSDmate_GUIUITests.swift; sourceTree = "<group>"; };
		909181001C6D3960008D3513 /* Info.plist */ = {isa = PBXFileReference; lastKnownFileType = text.plist.xml; path = Info.plist; sourceTree = "<group>"; };
/* End PBXFileReference section */

/* Begin PBXFrameworksBuildPhase section */
		909180D81C6D3960008D3513 /* Frameworks */ = {
			isa = PBXFrameworksBuildPhase;
			buildActionMask = 2147483647;
			files = (
			);
			runOnlyForDeploymentPostprocessing = 0;
		};
		909180EC1C6D3960008D3513 /* Frameworks */ = {
			isa = PBXFrameworksBuildPhase;
			buildActionMask = 2147483647;
			files = (
			);
			runOnlyForDeploymentPostprocessing = 0;
		};
		909180F71C6D3960008D3513 /* Frameworks */ = {
			isa = PBXFrameworksBuildPhase;
			buildActionMask = 2147483647;
			files = (
			);
			runOnlyForDeploymentPostprocessing = 0;
		};
/* End PBXFrameworksBuildPhase section */

/* Begin PBXGroup section */
		909180D21C6D3960008D3513 = {
			isa = PBXGroup;
			children = (
				909180DD1C6D3960008D3513 /* LSDmate-GUI */,
				909180F21C6D3960008D3513 /* LSDmate-GUITests */,
				909180FD1C6D3960008D3513 /* LSDmate-GUIUITests */,
				909180DC1C6D3960008D3513 /* Products */,
			);
			sourceTree = "<group>";
		};
		909180DC1C6D3960008D3513 /* Products */ = {
			isa = PBXGroup;
			children = (
				909180DB1C6D3960008D3513 /* LSDmate-GUI.app */,
				909180EF1C6D3960008D3513 /* LSDmate-GUITests.xctest */,
				909180FA1C6D3960008D3513 /* LSDmate-GUIUITests.xctest */,
			);
			name = Products;
			sourceTree = "<group>";
		};
		909180DD1C6D3960008D3513 /* LSDmate-GUI */ = {
			isa = PBXGroup;
			children = (
				909180DE1C6D3960008D3513 /* AppDelegate.swift */,
				909180E01C6D3960008D3513 /* ViewController.swift */,
				909180E51C6D3960008D3513 /* Assets.xcassets */,
				909180E71C6D3960008D3513 /* Main.storyboard */,
				909180EA1C6D3960008D3513 /* Info.plist */,
				909180E21C6D3960008D3513 /* LSDmate_GUI.xcdatamodeld */,
			);
			path = "LSDmate-GUI";
			sourceTree = "<group>";
		};
		909180F21C6D3960008D3513 /* LSDmate-GUITests */ = {
			isa = PBXGroup;
			children = (
				909180F31C6D3960008D3513 /* LSDmate_GUITests.swift */,
				909180F51C6D3960008D3513 /* Info.plist */,
			);
			path = "LSDmate-GUITests";
			sourceTree = "<group>";
		};
		909180FD1C6D3960008D3513 /* LSDmate-GUIUITests */ = {
			isa = PBXGroup;
			children = (
				909180FE1C6D3960008D3513 /* LSDmate_GUIUITests.swift */,
				909181001C6D3960008D3513 /* Info.plist */,
			);
			path = "LSDmate-GUIUITests";
			sourceTree = "<group>";
		};
/* End PBXGroup section */

/* Begin PBXNativeTarget section */
		909180DA1C6D3960008D3513 /* LSDmate-GUI */ = {
			isa = PBXNativeTarget;
			buildConfigurationList = 909181031C6D3960008D3513 /* Build configuration list for PBXNativeTarget "LSDmate-GUI" */;
			buildPhases = (
				909180D71C6D3960008D3513 /* Sources */,
				909180D81C6D3960008D3513 /* Frameworks */,
				909180D91C6D3960008D3513 /* Resources */,
			);
			buildRules = (
			);
			dependencies = (
			);
			name = "LSDmate-GUI";
			productName = "LSDmate-GUI";
			productReference = 909180DB1C6D3960008D3513 /* LSDmate-GUI.app */;
			productType = "com.apple.product-type.application";
		};
		909180EE1C6D3960008D3513 /* LSDmate-GUITests */ = {
			isa = PBXNativeTarget;
			buildConfigurationList = 909181061C6D3960008D3513 /* Build configuration list for PBXNativeTarget "LSDmate-GUITests" */;
			buildPhases = (
				909180EB1C6D3960008D3513 /* Sources */,
				909180EC1C6D3960008D3513 /* Frameworks */,
				909180ED1C6D3960008D3513 /* Resources */,
			);
			buildRules = (
			);
			dependencies = (
				909180F11C6D3960008D3513 /* PBXTargetDependency */,
			);
			name = "LSDmate-GUITests";
			productName = "LSDmate-GUITests";
			productReference = 909180EF1C6D3960008D3513 /* LSDmate-GUITests.xctest */;
			productType = "com.apple.product-type.bundle.unit-test";
		};
		909180F91C6D3960008D3513 /* LSDmate-GUIUITests */ = {
			isa = PBXNativeTarget;
			buildConfigurationList = 909181091C6D3960008D3513 /* Build configuration list for PBXNativeTarget "LSDmate-GUIUITests" */;
			buildPhases = (
				909180F61C6D3960008D3513 /* Sources */,
				909180F71C6D3960008D3513 /* Frameworks */,
				909180F81C6D3960008D3513 /* Resources */,
			);
			buildRules = (
			);
			dependencies = (
				909180FC1C6D3960008D3513 /* PBXTargetDependency */,
			);
			name = "LSDmate-GUIUITests";
			productName = "LSDmate-GUIUITests";
			productReference = 909180FA1C6D3960008D3513 /* LSDmate-GUIUITests.xctest */;
			productType = "com.apple.product-type.bundle.ui-testing";
		};
/* End PBXNativeTarget section */

/* Begin PBXProject section */
		909180D31C6D3960008D3513 /* Project object */ = {
			isa = PBXProject;
			attributes = {
				LastSwiftUpdateCheck = 0720;
				LastUpgradeCheck = 0720;
				ORGANIZATIONNAME = "Esben von Buchwald";
				TargetAttributes = {
					909180DA1C6D3960008D3513 = {
						CreatedOnToolsVersion = 7.2.1;
					};
					909180EE1C6D3960008D3513 = {
						CreatedOnToolsVersion = 7.2.1;
						TestTargetID = 909180DA1C6D3960008D3513;
					};
					909180F91C6D3960008D3513 = {
						CreatedOnToolsVersion = 7.2.1;
						TestTargetID = 909180DA1C6D3960008D3513;
					};
				};
			};
			buildConfigurationList = 909180D61C6D3960008D3513 /* Build configuration list for PBXProject "LSDmate-GUI" */;
			compatibilityVersion = "Xcode 3.2";
			developmentRegion = English;
			hasScannedForEncodings = 0;
			knownRegions = (
				en,
				Base,
			);
			mainGroup = 909180D21C6D3960008D3513;
			productRefGroup = 909180DC1C6D3960008D3513 /* Products */;
			projectDirPath = "";
			projectRoot = "";
			targets = (
				909180DA1C6D3960008D3513 /* LSDmate-GUI */,
				909180EE1C6D3960008D3513 /* LSDmate-GUITests */,
				909180F91C6D3960008D3513 /* LSDmate-GUIUITests */,
			);
		};
/* End PBXProject section */

/* Begin PBXResourcesBuildPhase section */
		909180D91C6D3960008D3513 /* Resources */ = {
			isa = PBXResourcesBuildPhase;
			buildActionMask = 2147483647;
			files = (
				909180E61C6D3960008D3513 /* Assets.xcassets in Resources */,
				909180E91C6D3960008D3513 /* Main.storyboard in Resources */,
			);
			runOnlyForDeploymentPostprocessing = 0;
		};
		909180ED1C6D3960008D3513 /* Resources */ = {
			isa = PBXResourcesBuildPhase;
			buildActionMask = 2147483647;
			files = (
			);
			runOnlyForDeploymentPostprocessing = 0;
		};
		909180F81C6D3960008D3513 /* Resources */ = {
			isa = PBXResourcesBuildPhase;
			buildActionMask = 2147483647;
			files = (
			);
			runOnlyForDeploymentPostprocessing = 0;
		};
/* End PBXResourcesBuildPhase section */

/* Begin PBXSourcesBuildPhase section */
		909180D71C6D3960008D3513 /* Sources */ = {
			isa = PBXSourcesBuildPhase;
			buildActionMask = 2147483647;
			files = (
				909180E41C6D3960008D3513 /* LSDmate_GUI.xcdatamodeld in Sources */,
				909180E11C6D3960008D3513 /* ViewController.swift in Sources */,
				909180DF1C6D3960008D3513 /* AppDelegate.swift in Sources */,
			);
			runOnlyForDeploymentPostprocessing = 0;
		};
		909180EB1C6D3960008D3513 /* Sources */ = {
			isa = PBXSourcesBuildPhase;
			buildActionMask = 2147483647;
			files = (
				909180F41C6D3960008D3513 /* LSDmate_GUITests.swift in Sources */,
			);
			runOnlyForDeploymentPostprocessing = 0;
		};
		909180F61C6D3960008D3513 /* Sources */ = {
			isa = PBXSourcesBuildPhase;
			buildActionMask = 2147483647;
			files = (
				909180FF1C6D3960008D3513 /* LSDmate_GUIUITests.swift in Sources */,
			);
			runOnlyForDeploymentPostprocessing = 0;
		};
/* End PBXSourcesBuildPhase section */

/* Begin PBXTargetDependency section */
		909180F11C6D3960008D3513 /* PBXTargetDependency */ = {
			isa = PBXTargetDependency;
			target = 909180DA1C6D3960008D3513 /* LSDmate-GUI */;
			targetProxy = 909180F01C6D3960008D3513 /* PBXContainerItemProxy */;
		};
		909180FC1C6D3960008D3513 /* PBXTargetDependency */ = {
			isa = PBXTargetDependency;
			target = 909180DA1C6D3960008D3513 /* LSDmate-GUI */;
			targetProxy = 909180FB1C6D3960008D3513 /* PBXContainerItemProxy */;
		};
/* End PBXTargetDependency section */

/* Begin PBXVariantGroup section */
		909180E71C6D3960008D3513 /* Main.storyboard */ = {
			isa = PBXVariantGroup;
			children = (
				909180E81C6D3960008D3513 /* Base */,
			);
			name = Main.storyboard;
			sourceTree = "<group>";
		};
/* End PBXVariantGroup section */

/* Begin XCBuildConfiguration section */
		909181011C6D3960008D3513 /* Debug */ = {
			isa = XCBuildConfiguration;
			buildSettings = {
				ALWAYS_SEARCH_USER_PATHS = NO;
				CLANG_CXX_LANGUAGE_STANDARD = "gnu++0x";
				CLANG_CXX_LIBRARY = "libc++";
				CLANG_ENABLE_MODULES = YES;
				CLANG_ENABLE_OBJC_ARC = YES;
				CLANG_WARN_BOOL_CONVERSION = YES;
				CLANG_WARN_CONSTANT_CONVERSION = YES;
				CLANG_WARN_DIRECT_OBJC_ISA_USAGE = YES_ERROR;
				CLANG_WARN_EMPTY_BODY = YES;
				CLANG_WARN_ENUM_CONVERSION = YES;
				CLANG_WARN_INT_CONVERSION = YES;
				CLANG_WARN_OBJC_ROOT_CLASS = YES_ERROR;
				CLANG_WARN_UNREACHABLE_CODE = YES;
				CLANG_WARN__DUPLICATE_METHOD_MATCH = YES;
				CODE_SIGN_IDENTITY = "-";
				COPY_PHASE_STRIP = NO;
				DEBUG_INFORMATION_FORMAT = dwarf;
				ENABLE_STRICT_OBJC_MSGSEND = YES;
				ENABLE_TESTABILITY = YES;
				GCC_C_LANGUAGE_STANDARD = gnu99;
				GCC_DYNAMIC_NO_PIC = NO;
				GCC_NO_COMMON_BLOCKS = YES;
				GCC_OPTIMIZATION_LEVEL = 0;
				GCC_PREPROCESSOR_DEFINITIONS = (
					"DEBUG=1",
					"$(inherited)",
				);
				GCC_WARN_64_TO_32_BIT_CONVERSION = YES;
				GCC_WARN_ABOUT_RETURN_TYPE = YES_ERROR;
				GCC_WARN_UNDECLARED_SELECTOR = YES;
				GCC_WARN_UNINITIALIZED_AUTOS = YES_AGGRESSIVE;
				GCC_WARN_UNUSED_FUNCTION = YES;
				GCC_WARN_UNUSED_VARIABLE = YES;
				MACOSX_DEPLOYMENT_TARGET = 10.11;
				MTL_ENABLE_DEBUG_INFO = YES;
				ONLY_ACTIVE_ARCH = YES;
				SDKROOT = macosx;
				SWIFT_OPTIMIZATION_LEVEL = "-Onone";
			};
			name = Debug;
		};
		909181021C6D3960008D3513 /* Release */ = {
			isa = XCBuildConfiguration;
			buildSettings = {
				ALWAYS_SEARCH_USER_PATHS = NO;
				CLANG_CXX_LANGUAGE_STANDARD = "gnu++0x";
				CLANG_CXX_LIBRARY = "libc++";
				CLANG_ENABLE_MODULES = YES;
				CLANG_ENABLE_OBJC_ARC = YES;
				CLANG_WARN_BOOL_CONVERSION = YES;
				CLANG_WARN_CONSTANT_CONVERSION = YES;
				CLANG_WARN_DIRECT_OBJC_ISA_USAGE = YES_ERROR;
				CLANG_WARN_EMPTY_BODY = YES;
				CLANG_WARN_ENUM_CONVERSION = YES;
				CLANG_WARN_INT_CONVERSION = YES;
				CLANG_WARN_OBJC_ROOT_CLASS = YES_ERROR;
				CLANG_WARN_UNREACHABLE_CODE = YES;
				CLANG_WARN__DUPLICATE_METHOD_MATCH = YES;
				CODE_SIGN_IDENTITY = "-";
				COPY_PHASE_STRIP = NO;
				DEBUG_INFORMATION_FORMAT = "dwarf-with-dsym";
				ENABLE_NS_ASSERTIONS = NO;
				ENABLE_STRICT_OBJC_MSGSEND = YES;
				GCC_C_LANGUAGE_STANDARD = gnu99;
				GCC_NO_COMMON_BLOCKS = YES;
				GCC_WARN_64_TO_32_BIT_CONVERSION = YES;
				GCC_WARN_ABOUT_RETURN_TYPE = YES_ERROR;
				GCC_WARN_UNDECLARED_SELECTOR = YES;
				GCC_WARN_UNINITIALIZED_AUTOS = YES_AGGRESSIVE;
				GCC_WARN_UNUSED_FUNCTION = YES;
				GCC_WARN_UNUSED_VARIABLE = YES;
				MACOSX_DEPLOYMENT_TARGET = 10.11;
				MTL_ENABLE_DEBUG_INFO = NO;
				SDKROOT = macosx;
			};
			name = Release;
		};
		909181041C6D3960008D3513 /* Debug */ = {
			isa = XCBuildConfiguration;
			buildSettings = {
				ASSETCATALOG_COMPILER_APPICON_NAME = AppIcon;
				COMBINE_HIDPI_IMAGES = YES;
				INFOPLIST_FILE = "LSDmate-GUI/Info.plist";
				LD_RUNPATH_SEARCH_PATHS = "$(inherited) @executable_path/../Frameworks";
				PRODUCT_BUNDLE_IDENTIFIER = "dk.vonbuchwald.esben.LSDmate-GUI";
				PRODUCT_NAME = "$(TARGET_NAME)";
			};
			name = Debug;
		};
		909181051C6D3960008D3513 /* Release */ = {
			isa = XCBuildConfiguration;
			buildSettings = {
				ASSETCATALOG_COMPILER_APPICON_NAME = AppIcon;
				COMBINE_HIDPI_IMAGES = YES;
				INFOPLIST_FILE = "LSDmate-GUI/Info.plist";
				LD_RUNPATH_SEARCH_PATHS = "$(inherited) @executable_path/../Frameworks";
				PRODUCT_BUNDLE_IDENTIFIER = "dk.vonbuchwald.esben.LSDmate-GUI";
				PRODUCT_NAME = "$(TARGET_NAME)";
			};
			name = Release;
		};
		909181071C6D3960008D3513 /* Debug */ = {
			isa = XCBuildConfiguration;
			buildSettings = {
				BUNDLE_LOADER = "$(TEST_HOST)";
				COMBINE_HIDPI_IMAGES = YES;
				INFOPLIST_FILE = "LSDmate-GUITests/Info.plist";
				LD_RUNPATH_SEARCH_PATHS = "$(inherited) @executable_path/../Frameworks @loader_path/../Frameworks";
				PRODUCT_BUNDLE_IDENTIFIER = "dk.vonbuchwald.esben.LSDmate-GUITests";
				PRODUCT_NAME = "$(TARGET_NAME)";
				TEST_HOST = "$(BUILT_PRODUCTS_DIR)/LSDmate-GUI.app/Contents/MacOS/LSDmate-GUI";
			};
			name = Debug;
		};
		909181081C6D3960008D3513 /* Release */ = {
			isa = XCBuildConfiguration;
			buildSettings = {
				BUNDLE_LOADER = "$(TEST_HOST)";
				COMBINE_HIDPI_IMAGES = YES;
				INFOPLIST_FILE = "LSDmate-GUITests/Info.plist";
				LD_RUNPATH_SEARCH_PATHS = "$(inherited) @executable_path/../Frameworks @loader_path/../Frameworks";
				PRODUCT_BUNDLE_IDENTIFIER = "dk.vonbuchwald.esben.LSDmate-GUITests";
				PRODUCT_NAME = "$(TARGET_NAME)";
				TEST_HOST = "$(BUILT_PRODUCTS_DIR)/LSDmate-GUI.app/Contents/MacOS/LSDmate-GUI";
			};
			name = Release;
		};
		9091810A1C6D3960008D3513 /* Debug */ = {
			isa = XCBuildConfiguration;
			buildSettings = {
				COMBINE_HIDPI_IMAGES = YES;
				INFOPLIST_FILE = "LSDmate-GUIUITests/Info.plist";
				LD_RUNPATH_SEARCH_PATHS = "$(inherited) @executable_path/../Frameworks @loader_path/../Frameworks";
				PRODUCT_BUNDLE_IDENTIFIER = "dk.vonbuchwald.esben.LSDmate-GUIUITests";
				PRODUCT_NAME = "$(TARGET_NAME)";
				TEST_TARGET_NAME = "LSDmate-GUI";
				USES_XCTRUNNER = YES;
			};
			name = Debug;
		};
		9091810B1C6D3960008D3513 /* Release */ = {
			isa = XCBuildConfiguration;
			buildSettings = {
				COMBINE_HIDPI_IMAGES = YES;
				INFOPLIST_FILE = "LSDmate-GUIUITests/Info.plist";
				LD_RUNPATH_SEARCH_PATHS = "$(inherited) @executable_path/../Frameworks @loader_path/../Frameworks";
				PRODUCT_BUNDLE_IDENTIFIER = "dk.vonbuchwald.esben.LSDmate-GUIUITests";
				PRODUCT_NAME = "$(TARGET_NAME)";
				TEST_TARGET_NAME = "LSDmate-GUI";
				USES_XCTRUNNER = YES;
			};
			name = Release;
		};
/* End XCBuildConfiguration section */

/* Begin XCConfigurationList section */
		909180D61C6D3960008D3513 /* Build configuration list for PBXProject "LSDmate-GUI" */ = {
			isa = XCConfigurationList;
			buildConfigurations = (
				909181011C6D3960008D3513 /* Debug */,
				909181021C6D3960008D3513 /* Release */,
			);
			defaultConfigurationIsVisible = 0;
			defaultConfigurationName = Release;
		};
		909181031C6D3960008D3513 /* Build configuration list for PBXNativeTarget "LSDmate-GUI" */ = {
			isa = XCConfigurationList;
			buildConfigurations = (
				909181041C6D3960008D3513 /* Debug */,
				909181051C6D3960008D3513 /* Release */,
			);
			defaultConfigurationIsVisible = 0;
		};
		909181061C6D3960008D3513 /* Build configuration list for PBXNativeTarget "LSDmate-GUITests" */ = {
			isa = XCConfigurationList;
			buildConfigurations = (
				909181071C6D3960008D3513 /* Debug */,
				909181081C6D3960008D3513 /* Release */,
			);
			defaultConfigurationIsVisible = 0;
		};
		909181091C6D3960008D3513 /* Build configuration list for PBXNativeTarget "LSDmate-GUIUITests" */ = {
			isa = XCConfigurationList;
			buildConfigurations = (
				9091810A1C6D3960008D3513 /* Debug */,
				9091810B1C6D3960008D3513 /* Release */,
			);
			defaultConfigurationIsVisible = 0;
		};
/* End XCConfigurationList section */

/* Begin XCVersionGroup section */
		909180E21C6D3960008D3513 /* LSDmate_GUI.xcdatamodeld */ = {
			isa = XCVersionGroup;
			children = (
				909180E31C6D3960008D3513 /* LSDmate_GUI.xcdatamodel */,
			);
			currentVersion = 909180E31C6D3960008D3513 /* LSDmate_GUI.xcdatamodel */;
			path = LSDmate_GUI.xcdatamodeld;
			sourceTree = "<group>";
			versionGroupType = wrapper.xcdatamodel;
		};
/* End XCVersionGroup section */
	};
	rootObject = 909180D31C6D3960008D3513 /* Project object */;
}
